
Microsoft Visual Studio Solution File, Format Version 12.00
# Visual Studio Version 17
VisualStudioVersion = 17.5.33424.131
MinimumVisualStudioVersion = 10.0.40219.1
Project("{888888A0-9F3D-457C-B088-3A5042F75D52}") = "Python_lesson_4_test_2", "Python_lesson_4_test_2\Python_lesson_4_test_2.pyproj", "{75DA5BBB-C443-4715-B658-C7163CBA308D}"
EndProject
Global
	GlobalSection(SolutionConfigurationPlatforms) = preSolution
		Debug|Any CPU = Debug|Any CPU
		Release|Any CPU = Release|Any CPU
	EndGlobalSection
	GlobalSection(ProjectConfigurationPlatforms) = postSolution
		{75DA5BBB-C443-4715-B658-C7163CBA308D}.Debug|Any CPU.ActiveCfg = Debug|Any CPU
		{75DA5BBB-C443-4715-B658-C7163CBA308D}.Release|Any CPU.ActiveCfg = Release|Any CPU
	EndGlobalSection
	GlobalSection(SolutionProperties) = preSolution
		HideSolutionNode = FALSE
	EndGlobalSection
	GlobalSection(ExtensibilityGlobals) = postSolution
		SolutionGuid = {B321563F-FE75-4119-BAC8-CB091B26EDD2}
	EndGlobalSection
EndGlobal
